// !$*UTF8*$!
{
	archiveVersion = 1;
	classes = {
	};
	objectVersion = 46;
	objects = {

/* Begin PBXBuildFile section */
		879CA05330CEF760B634DC11 /* libPods-azdFly.a in Frameworks */ = {isa = PBXBuildFile; fileRef = 9A61CC2B936158068CD1C6AC /* libPods-azdFly.a */; };
		A30811BF1EC05838002B9A43 /* DJIPlaybackMultiSelectViewController.m in Sources */ = {isa = PBXBuildFile; fileRef = A30811BD1EC05838002B9A43 /* DJIPlaybackMultiSelectViewController.m */; };
		A30811C01EC05838002B9A43 /* DJIPlaybackMultiSelectViewController.xib in Resources */ = {isa = PBXBuildFile; fileRef = A30811BE1EC05838002B9A43 /* DJIPlaybackMultiSelectViewController.xib */; };
		A30811D11EC1ADBA002B9A43 /* DJIGSButtonController.m in Sources */ = {isa = PBXBuildFile; fileRef = A30811CC1EC1ADBA002B9A43 /* DJIGSButtonController.m */; };
		A30811D21EC1ADBA002B9A43 /* DJIGSButtonController.xib in Resources */ = {isa = PBXBuildFile; fileRef = A30811CD1EC1ADBA002B9A43 /* DJIGSButtonController.xib */; };
		A30811D31EC1ADBA002B9A43 /* DJIWaypointConfigViewController.m in Sources */ = {isa = PBXBuildFile; fileRef = A30811CF1EC1ADBA002B9A43 /* DJIWaypointConfigViewController.m */; };
		A30811D41EC1ADBA002B9A43 /* DJIWaypointConfigViewController.xib in Resources */ = {isa = PBXBuildFile; fileRef = A30811D01EC1ADBA002B9A43 /* DJIWaypointConfigViewController.xib */; };
		A30811D71EC1AE56002B9A43 /* DJIAircraftAnnotationView.m in Sources */ = {isa = PBXBuildFile; fileRef = A30811D61EC1AE56002B9A43 /* DJIAircraftAnnotationView.m */; };
		A30811DC1EC1AE61002B9A43 /* DJIAircraftAnnotation.m in Sources */ = {isa = PBXBuildFile; fileRef = A30811D91EC1AE61002B9A43 /* DJIAircraftAnnotation.m */; };
		A30811DD1EC1AE61002B9A43 /* DJIMapController.m in Sources */ = {isa = PBXBuildFile; fileRef = A30811DB1EC1AE61002B9A43 /* DJIMapController.m */; };
		A3407DD21EB9DA890092B6AB /* UIView+Z_Order.m in Sources */ = {isa = PBXBuildFile; fileRef = A3407DD11EB9DA890092B6AB /* UIView+Z_Order.m */; };
		A3407DDD1EBC6E1B0092B6AB /* Const.m in Sources */ = {isa = PBXBuildFile; fileRef = A3407DDC1EBC6E1B0092B6AB /* Const.m */; };
		A3407DE11EBC6FCC0092B6AB /* AppSingleton.m in Sources */ = {isa = PBXBuildFile; fileRef = A3407DE01EBC6FCC0092B6AB /* AppSingleton.m */; };
		A360A4B11EB3355200B043B5 /* main.m in Sources */ = {isa = PBXBuildFile; fileRef = A360A4B01EB3355200B043B5 /* main.m */; };
		A360A4B41EB3355200B043B5 /* AppDelegate.m in Sources */ = {isa = PBXBuildFile; fileRef = A360A4B31EB3355200B043B5 /* AppDelegate.m */; };
		A360A4BA1EB3355200B043B5 /* Main.storyboard in Resources */ = {isa = PBXBuildFile; fileRef = A360A4B81EB3355200B043B5 /* Main.storyboard */; };
		A360A4BC1EB3355200B043B5 /* Assets.xcassets in Resources */ = {isa = PBXBuildFile; fileRef = A360A4BB1EB3355200B043B5 /* Assets.xcassets */; };
		A360A4BF1EB3355200B043B5 /* LaunchScreen.storyboard in Resources */ = {isa = PBXBuildFile; fileRef = A360A4BD1EB3355200B043B5 /* LaunchScreen.storyboard */; };
		A360A4CA1EB3355300B043B5 /* azdFlyTests.m in Sources */ = {isa = PBXBuildFile; fileRef = A360A4C91EB3355300B043B5 /* azdFlyTests.m */; };
		A360A4D51EB3355300B043B5 /* azdFlyUITests.m in Sources */ = {isa = PBXBuildFile; fileRef = A360A4D41EB3355300B043B5 /* azdFlyUITests.m */; };
		A360A4E81EB834AB00B043B5 /* VideoPreviewer.framework in Frameworks */ = {isa = PBXBuildFile; fileRef = A360A4E71EB8349500B043B5 /* VideoPreviewer.framework */; };
		A360A4E91EB834AB00B043B5 /* VideoPreviewer.framework in Embed Frameworks */ = {isa = PBXBuildFile; fileRef = A360A4E71EB8349500B043B5 /* VideoPreviewer.framework */; settings = {ATTRIBUTES = (CodeSignOnCopy, RemoveHeadersOnCopy, ); }; };
		A398FD3E1EB865AC000FCD1A /* RootViewController.m in Sources */ = {isa = PBXBuildFile; fileRef = A398FD3B1EB865AC000FCD1A /* RootViewController.m */; };
		A398FD4C1EB8B2DD000FCD1A /* WLAlertController.m in Sources */ = {isa = PBXBuildFile; fileRef = A398FD4B1EB8B2DD000FCD1A /* WLAlertController.m */; };
/* End PBXBuildFile section */

/* Begin PBXContainerItemProxy section */
		A360A4C61EB3355300B043B5 /* PBXContainerItemProxy */ = {
			isa = PBXContainerItemProxy;
			containerPortal = A360A4A41EB3355200B043B5 /* Project object */;
			proxyType = 1;
			remoteGlobalIDString = A360A4AB1EB3355200B043B5;
			remoteInfo = azdFly;
		};
		A360A4D11EB3355300B043B5 /* PBXContainerItemProxy */ = {
			isa = PBXContainerItemProxy;
			containerPortal = A360A4A41EB3355200B043B5 /* Project object */;
			proxyType = 1;
			remoteGlobalIDString = A360A4AB1EB3355200B043B5;
			remoteInfo = azdFly;
		};
		A360A4E61EB8349500B043B5 /* PBXContainerItemProxy */ = {
			isa = PBXContainerItemProxy;
			containerPortal = A360A4E21EB8349500B043B5 /* VideoPreviewer.xcodeproj */;
			proxyType = 2;
			remoteGlobalIDString = 02A543FD1C3C51CB0083C11B;
			remoteInfo = VideoPreviewer;
		};
		A360A4EA1EB834AB00B043B5 /* PBXContainerItemProxy */ = {
			isa = PBXContainerItemProxy;
			containerPortal = A360A4E21EB8349500B043B5 /* VideoPreviewer.xcodeproj */;
			proxyType = 1;
			remoteGlobalIDString = 02A543FC1C3C51CB0083C11B;
			remoteInfo = VideoPreviewer;
		};
/* End PBXContainerItemProxy section */

/* Begin PBXCopyFilesBuildPhase section */
		A360A4EC1EB834AC00B043B5 /* Embed Frameworks */ = {
			isa = PBXCopyFilesBuildPhase;
			buildActionMask = 2147483647;
			dstPath = "";
			dstSubfolderSpec = 10;
			files = (
				A360A4E91EB834AB00B043B5 /* VideoPreviewer.framework in Embed Frameworks */,
			);
			name = "Embed Frameworks";
			runOnlyForDeploymentPostprocessing = 0;
		};
/* End PBXCopyFilesBuildPhase section */

/* Begin PBXFileReference section */
		0A5DC5A40B6AC6175E829F1C /* Pods-azdFly.release.xcconfig */ = {isa = PBXFileReference; includeInIndex = 1; lastKnownFileType = text.xcconfig; name = "Pods-azdFly.release.xcconfig"; path = "Pods/Target Support Files/Pods-azdFly/Pods-azdFly.release.xcconfig"; sourceTree = "<group>"; };
		2DEFCBED59E214116DFF8A7A /* Pods-azdFly.debug.xcconfig */ = {isa = PBXFileReference; includeInIndex = 1; lastKnownFileType = text.xcconfig; name = "Pods-azdFly.debug.xcconfig"; path = "Pods/Target Support Files/Pods-azdFly/Pods-azdFly.debug.xcconfig"; sourceTree = "<group>"; };
		9A61CC2B936158068CD1C6AC /* libPods-azdFly.a */ = {isa = PBXFileReference; explicitFileType = archive.ar; includeInIndex = 0; path = "libPods-azdFly.a"; sourceTree = BUILT_PRODUCTS_DIR; };
		A30811BC1EC05838002B9A43 /* DJIPlaybackMultiSelectViewController.h */ = {isa = PBXFileReference; fileEncoding = 4; lastKnownFileType = sourcecode.c.h; path = DJIPlaybackMultiSelectViewController.h; sourceTree = "<group>"; };
		A30811BD1EC05838002B9A43 /* DJIPlaybackMultiSelectViewController.m */ = {isa = PBXFileReference; fileEncoding = 4; lastKnownFileType = sourcecode.c.objc; path = DJIPlaybackMultiSelectViewController.m; sourceTree = "<group>"; };
		A30811BE1EC05838002B9A43 /* DJIPlaybackMultiSelectViewController.xib */ = {isa = PBXFileReference; fileEncoding = 4; lastKnownFileType = file.xib; path = DJIPlaybackMultiSelectViewController.xib; sourceTree = "<group>"; };
		A30811CB1EC1ADBA002B9A43 /* DJIGSButtonController.h */ = {isa = PBXFileReference; fileEncoding = 4; lastKnownFileType = sourcecode.c.h; path = DJIGSButtonController.h; sourceTree = "<group>"; };
		A30811CC1EC1ADBA002B9A43 /* DJIGSButtonController.m */ = {isa = PBXFileReference; fileEncoding = 4; lastKnownFileType = sourcecode.c.objc; path = DJIGSButtonController.m; sourceTree = "<group>"; };
		A30811CD1EC1ADBA002B9A43 /* DJIGSButtonController.xib */ = {isa = PBXFileReference; fileEncoding = 4; lastKnownFileType = file.xib; path = DJIGSButtonController.xib; sourceTree = "<group>"; };
		A30811CE1EC1ADBA002B9A43 /* DJIWaypointConfigViewController.h */ = {isa = PBXFileReference; fileEncoding = 4; lastKnownFileType = sourcecode.c.h; path = DJIWaypointConfigViewController.h; sourceTree = "<group>"; };
		A30811CF1EC1ADBA002B9A43 /* DJIWaypointConfigViewController.m */ = {isa = PBXFileReference; fileEncoding = 4; lastKnownFileType = sourcecode.c.objc; path = DJIWaypointConfigViewController.m; sourceTree = "<group>"; };
		A30811D01EC1ADBA002B9A43 /* DJIWaypointConfigViewController.xib */ = {isa = PBXFileReference; fileEncoding = 4; lastKnownFileType = file.xib; path = DJIWaypointConfigViewController.xib; sourceTree = "<group>"; };
		A30811D51EC1AE56002B9A43 /* DJIAircraftAnnotationView.h */ = {isa = PBXFileReference; fileEncoding = 4; lastKnownFileType = sourcecode.c.h; path = DJIAircraftAnnotationView.h; sourceTree = "<group>"; };
		A30811D61EC1AE56002B9A43 /* DJIAircraftAnnotationView.m */ = {isa = PBXFileReference; fileEncoding = 4; lastKnownFileType = sourcecode.c.objc; path = DJIAircraftAnnotationView.m; sourceTree = "<group>"; };
		A30811D81EC1AE61002B9A43 /* DJIAircraftAnnotation.h */ = {isa = PBXFileReference; fileEncoding = 4; lastKnownFileType = sourcecode.c.h; path = DJIAircraftAnnotation.h; sourceTree = "<group>"; };
		A30811D91EC1AE61002B9A43 /* DJIAircraftAnnotation.m */ = {isa = PBXFileReference; fileEncoding = 4; lastKnownFileType = sourcecode.c.objc; path = DJIAircraftAnnotation.m; sourceTree = "<group>"; };
		A30811DA1EC1AE61002B9A43 /* DJIMapController.h */ = {isa = PBXFileReference; fileEncoding = 4; lastKnownFileType = sourcecode.c.h; path = DJIMapController.h; sourceTree = "<group>"; };
		A30811DB1EC1AE61002B9A43 /* DJIMapController.m */ = {isa = PBXFileReference; fileEncoding = 4; lastKnownFileType = sourcecode.c.objc; path = DJIMapController.m; sourceTree = "<group>"; };
		A3407DD01EB9DA890092B6AB /* UIView+Z_Order.h */ = {isa = PBXFileReference; fileEncoding = 4; lastKnownFileType = sourcecode.c.h; path = "UIView+Z_Order.h"; sourceTree = "<group>"; };
		A3407DD11EB9DA890092B6AB /* UIView+Z_Order.m */ = {isa = PBXFileReference; fileEncoding = 4; lastKnownFileType = sourcecode.c.objc; path = "UIView+Z_Order.m"; sourceTree = "<group>"; };
		A3407DDB1EBC6E1B0092B6AB /* Const.h */ = {isa = PBXFileReference; fileEncoding = 4; lastKnownFileType = sourcecode.c.h; path = Const.h; sourceTree = "<group>"; };
		A3407DDC1EBC6E1B0092B6AB /* Const.m */ = {isa = PBXFileReference; fileEncoding = 4; lastKnownFileType = sourcecode.c.objc; path = Const.m; sourceTree = "<group>"; };
		A3407DDF1EBC6FCC0092B6AB /* AppSingleton.h */ = {isa = PBXFileReference; fileEncoding = 4; lastKnownFileType = sourcecode.c.h; path = AppSingleton.h; sourceTree = "<group>"; };
		A3407DE01EBC6FCC0092B6AB /* AppSingleton.m */ = {isa = PBXFileReference; fileEncoding = 4; lastKnownFileType = sourcecode.c.objc; path = AppSingleton.m; sourceTree = "<group>"; };
		A360A4AC1EB3355200B043B5 /* azdFly.app */ = {isa = PBXFileReference; explicitFileType = wrapper.application; includeInIndex = 0; path = azdFly.app; sourceTree = BUILT_PRODUCTS_DIR; };
		A360A4B01EB3355200B043B5 /* main.m */ = {isa = PBXFileReference; lastKnownFileType = sourcecode.c.objc; path = main.m; sourceTree = "<group>"; };
		A360A4B21EB3355200B043B5 /* AppDelegate.h */ = {isa = PBXFileReference; lastKnownFileType = sourcecode.c.h; path = AppDelegate.h; sourceTree = "<group>"; };
		A360A4B31EB3355200B043B5 /* AppDelegate.m */ = {isa = PBXFileReference; lastKnownFileType = sourcecode.c.objc; path = AppDelegate.m; sourceTree = "<group>"; };
		A360A4B91EB3355200B043B5 /* Base */ = {isa = PBXFileReference; lastKnownFileType = file.storyboard; name = Base; path = Base.lproj/Main.storyboard; sourceTree = "<group>"; };
		A360A4BB1EB3355200B043B5 /* Assets.xcassets */ = {isa = PBXFileReference; lastKnownFileType = folder.assetcatalog; path = Assets.xcassets; sourceTree = "<group>"; };
		A360A4BE1EB3355200B043B5 /* Base */ = {isa = PBXFileReference; lastKnownFileType = file.storyboard; name = Base; path = Base.lproj/LaunchScreen.storyboard; sourceTree = "<group>"; };
		A360A4C01EB3355200B043B5 /* Info.plist */ = {isa = PBXFileReference; lastKnownFileType = text.plist.xml; path = Info.plist; sourceTree = "<group>"; };
		A360A4C51EB3355300B043B5 /* azdFlyTests.xctest */ = {isa = PBXFileReference; explicitFileType = wrapper.cfbundle; includeInIndex = 0; path = azdFlyTests.xctest; sourceTree = BUILT_PRODUCTS_DIR; };
		A360A4C91EB3355300B043B5 /* azdFlyTests.m */ = {isa = PBXFileReference; lastKnownFileType = sourcecode.c.objc; path = azdFlyTests.m; sourceTree = "<group>"; };
		A360A4CB1EB3355300B043B5 /* Info.plist */ = {isa = PBXFileReference; lastKnownFileType = text.plist.xml; path = Info.plist; sourceTree = "<group>"; };
		A360A4D01EB3355300B043B5 /* azdFlyUITests.xctest */ = {isa = PBXFileReference; explicitFileType = wrapper.cfbundle; includeInIndex = 0; path = azdFlyUITests.xctest; sourceTree = BUILT_PRODUCTS_DIR; };
		A360A4D41EB3355300B043B5 /* azdFlyUITests.m */ = {isa = PBXFileReference; lastKnownFileType = sourcecode.c.objc; path = azdFlyUITests.m; sourceTree = "<group>"; };
		A360A4D61EB3355300B043B5 /* Info.plist */ = {isa = PBXFileReference; lastKnownFileType = text.plist.xml; path = Info.plist; sourceTree = "<group>"; };
		A360A4E21EB8349500B043B5 /* VideoPreviewer.xcodeproj */ = {isa = PBXFileReference; lastKnownFileType = "wrapper.pb-project"; name = VideoPreviewer.xcodeproj; path = VideoPreviewer/VideoPreviewer.xcodeproj; sourceTree = "<group>"; };
		A398FD3A1EB865AC000FCD1A /* RootViewController.h */ = {isa = PBXFileReference; fileEncoding = 4; lastKnownFileType = sourcecode.c.h; path = RootViewController.h; sourceTree = "<group>"; };
		A398FD3B1EB865AC000FCD1A /* RootViewController.m */ = {isa = PBXFileReference; fileEncoding = 4; lastKnownFileType = sourcecode.c.objc; path = RootViewController.m; sourceTree = "<group>"; };
		A398FD461EB87F34000FCD1A /* UtilMacro.h */ = {isa = PBXFileReference; lastKnownFileType = sourcecode.c.h; path = UtilMacro.h; sourceTree = "<group>"; };
		A398FD471EB8A4D3000FCD1A /* PrefixHeader.pch */ = {isa = PBXFileReference; lastKnownFileType = sourcecode.c.h; path = PrefixHeader.pch; sourceTree = "<group>"; };
		A398FD4A1EB8B2DD000FCD1A /* WLAlertController.h */ = {isa = PBXFileReference; fileEncoding = 4; lastKnownFileType = sourcecode.c.h; path = WLAlertController.h; sourceTree = "<group>"; };
		A398FD4B1EB8B2DD000FCD1A /* WLAlertController.m */ = {isa = PBXFileReference; fileEncoding = 4; lastKnownFileType = sourcecode.c.objc; path = WLAlertController.m; sourceTree = "<group>"; };
		A398FD9D1EB9CEDD000FCD1A /* AppMacro.h */ = {isa = PBXFileReference; lastKnownFileType = sourcecode.c.h; path = AppMacro.h; sourceTree = "<group>"; };
/* End PBXFileReference section */

/* Begin PBXFrameworksBuildPhase section */
		A360A4A91EB3355200B043B5 /* Frameworks */ = {
			isa = PBXFrameworksBuildPhase;
			buildActionMask = 2147483647;
			files = (
				A360A4E81EB834AB00B043B5 /* VideoPreviewer.framework in Frameworks */,
				879CA05330CEF760B634DC11 /* libPods-azdFly.a in Frameworks */,
			);
			runOnlyForDeploymentPostprocessing = 0;
		};
		A360A4C21EB3355300B043B5 /* Frameworks */ = {
			isa = PBXFrameworksBuildPhase;
			buildActionMask = 2147483647;
			files = (
			);
			runOnlyForDeploymentPostprocessing = 0;
		};
		A360A4CD1EB3355300B043B5 /* Frameworks */ = {
			isa = PBXFrameworksBuildPhase;
			buildActionMask = 2147483647;
			files = (
			);
			runOnlyForDeploymentPostprocessing = 0;
		};
/* End PBXFrameworksBuildPhase section */

/* Begin PBXGroup section */
		7B34CEEF6A6EF9867E23B643 /* Frameworks */ = {
			isa = PBXGroup;
			children = (
				A360A4E21EB8349500B043B5 /* VideoPreviewer.xcodeproj */,
				9A61CC2B936158068CD1C6AC /* libPods-azdFly.a */,
			);
			name = Frameworks;
			sourceTree = "<group>";
		};
		A3407DDE1EBC6FAD0092B6AB /* Singleton */ = {
			isa = PBXGroup;
			children = (
				A3407DDF1EBC6FCC0092B6AB /* AppSingleton.h */,
				A3407DE01EBC6FCC0092B6AB /* AppSingleton.m */,
			);
			path = Singleton;
			sourceTree = "<group>";
		};
		A360A4A31EB3355200B043B5 = {
			isa = PBXGroup;
			children = (
				A398FD3F1EB86926000FCD1A /* Lib */,
				A360A4AE1EB3355200B043B5 /* azdFly */,
				A360A4C81EB3355300B043B5 /* azdFlyTests */,
				A360A4D31EB3355300B043B5 /* azdFlyUITests */,
				A360A4AD1EB3355200B043B5 /* Products */,
				E67F70203741E2EA29FC0EBF /* Pods */,
				7B34CEEF6A6EF9867E23B643 /* Frameworks */,
			);
			sourceTree = "<group>";
		};
		A360A4AD1EB3355200B043B5 /* Products */ = {
			isa = PBXGroup;
			children = (
				A360A4AC1EB3355200B043B5 /* azdFly.app */,
				A360A4C51EB3355300B043B5 /* azdFlyTests.xctest */,
				A360A4D01EB3355300B043B5 /* azdFlyUITests.xctest */,
			);
			name = Products;
			sourceTree = "<group>";
		};
		A360A4AE1EB3355200B043B5 /* azdFly */ = {
			isa = PBXGroup;
			children = (
				A3407DDE1EBC6FAD0092B6AB /* Singleton */,
				A398FD391EB865AC000FCD1A /* Controller */,
				A398FD3C1EB865AC000FCD1A /* View */,
				A398FD3D1EB865AC000FCD1A /* Model */,
				A360A4B21EB3355200B043B5 /* AppDelegate.h */,
				A360A4B31EB3355200B043B5 /* AppDelegate.m */,
				A360A4B81EB3355200B043B5 /* Main.storyboard */,
				A360A4BB1EB3355200B043B5 /* Assets.xcassets */,
				A360A4BD1EB3355200B043B5 /* LaunchScreen.storyboard */,
				A360A4C01EB3355200B043B5 /* Info.plist */,
				A360A4AF1EB3355200B043B5 /* Supporting Files */,
			);
			path = azdFly;
			sourceTree = "<group>";
		};
		A360A4AF1EB3355200B043B5 /* Supporting Files */ = {
			isa = PBXGroup;
			children = (
				A360A4B01EB3355200B043B5 /* main.m */,
				A398FD471EB8A4D3000FCD1A /* PrefixHeader.pch */,
			);
			name = "Supporting Files";
			sourceTree = "<group>";
		};
		A360A4C81EB3355300B043B5 /* azdFlyTests */ = {
			isa = PBXGroup;
			children = (
				A360A4C91EB3355300B043B5 /* azdFlyTests.m */,
				A360A4CB1EB3355300B043B5 /* Info.plist */,
			);
			path = azdFlyTests;
			sourceTree = "<group>";
		};
		A360A4D31EB3355300B043B5 /* azdFlyUITests */ = {
			isa = PBXGroup;
			children = (
				A360A4D41EB3355300B043B5 /* azdFlyUITests.m */,
				A360A4D61EB3355300B043B5 /* Info.plist */,
			);
			path = azdFlyUITests;
			sourceTree = "<group>";
		};
		A360A4E31EB8349500B043B5 /* Products */ = {
			isa = PBXGroup;
			children = (
				A360A4E71EB8349500B043B5 /* VideoPreviewer.framework */,
			);
			name = Products;
			sourceTree = "<group>";
		};
		A398FD391EB865AC000FCD1A /* Controller */ = {
			isa = PBXGroup;
			children = (
				A398FD3A1EB865AC000FCD1A /* RootViewController.h */,
				A398FD3B1EB865AC000FCD1A /* RootViewController.m */,
				A30811BC1EC05838002B9A43 /* DJIPlaybackMultiSelectViewController.h */,
				A30811BD1EC05838002B9A43 /* DJIPlaybackMultiSelectViewController.m */,
				A30811BE1EC05838002B9A43 /* DJIPlaybackMultiSelectViewController.xib */,
				A30811CB1EC1ADBA002B9A43 /* DJIGSButtonController.h */,
				A30811CC1EC1ADBA002B9A43 /* DJIGSButtonController.m */,
				A30811CD1EC1ADBA002B9A43 /* DJIGSButtonController.xib */,
				A30811CE1EC1ADBA002B9A43 /* DJIWaypointConfigViewController.h */,
				A30811CF1EC1ADBA002B9A43 /* DJIWaypointConfigViewController.m */,
				A30811D01EC1ADBA002B9A43 /* DJIWaypointConfigViewController.xib */,
			);
			path = Controller;
			sourceTree = "<group>";
		};
		A398FD3C1EB865AC000FCD1A /* View */ = {
			isa = PBXGroup;
			children = (
				A30811D51EC1AE56002B9A43 /* DJIAircraftAnnotationView.h */,
				A30811D61EC1AE56002B9A43 /* DJIAircraftAnnotationView.m */,
			);
			path = View;
			sourceTree = "<group>";
		};
		A398FD3D1EB865AC000FCD1A /* Model */ = {
			isa = PBXGroup;
			children = (
				A30811D81EC1AE61002B9A43 /* DJIAircraftAnnotation.h */,
				A30811D91EC1AE61002B9A43 /* DJIAircraftAnnotation.m */,
				A30811DA1EC1AE61002B9A43 /* DJIMapController.h */,
				A30811DB1EC1AE61002B9A43 /* DJIMapController.m */,
			);
			path = Model;
			sourceTree = "<group>";
		};
		A398FD3F1EB86926000FCD1A /* Lib */ = {
			isa = PBXGroup;
			children = (
				A398FD401EB86A02000FCD1A /* Macro */,
				A398FD411EB86A02000FCD1A /* Tool */,
				A398FD421EB86A02000FCD1A /* CustomUI */,
				A398FD431EB86A02000FCD1A /* Const */,
				A398FD441EB86A02000FCD1A /* Category */,
			);
			path = Lib;
			sourceTree = "<group>";
		};
		A398FD401EB86A02000FCD1A /* Macro */ = {
			isa = PBXGroup;
			children = (
				A398FD461EB87F34000FCD1A /* UtilMacro.h */,
				A398FD9D1EB9CEDD000FCD1A /* AppMacro.h */,
			);
			path = Macro;
			sourceTree = "<group>";
		};
		A398FD411EB86A02000FCD1A /* Tool */ = {
			isa = PBXGroup;
			children = (
			);
			path = Tool;
			sourceTree = "<group>";
		};
		A398FD421EB86A02000FCD1A /* CustomUI */ = {
			isa = PBXGroup;
			children = (
				A398FD4A1EB8B2DD000FCD1A /* WLAlertController.h */,
				A398FD4B1EB8B2DD000FCD1A /* WLAlertController.m */,
			);
			path = CustomUI;
			sourceTree = "<group>";
		};
		A398FD431EB86A02000FCD1A /* Const */ = {
			isa = PBXGroup;
			children = (
				A3407DDB1EBC6E1B0092B6AB /* Const.h */,
				A3407DDC1EBC6E1B0092B6AB /* Const.m */,
			);
			path = Const;
			sourceTree = "<group>";
		};
		A398FD441EB86A02000FCD1A /* Category */ = {
			isa = PBXGroup;
			children = (
				A3407DD01EB9DA890092B6AB /* UIView+Z_Order.h */,
				A3407DD11EB9DA890092B6AB /* UIView+Z_Order.m */,
			);
			path = Category;
			sourceTree = "<group>";
		};
		E67F70203741E2EA29FC0EBF /* Pods */ = {
			isa = PBXGroup;
			children = (
				2DEFCBED59E214116DFF8A7A /* Pods-azdFly.debug.xcconfig */,
				0A5DC5A40B6AC6175E829F1C /* Pods-azdFly.release.xcconfig */,
			);
			name = Pods;
			sourceTree = "<group>";
		};
/* End PBXGroup section */

/* Begin PBXNativeTarget section */
		A360A4AB1EB3355200B043B5 /* azdFly */ = {
			isa = PBXNativeTarget;
			buildConfigurationList = A360A4D91EB3355300B043B5 /* Build configuration list for PBXNativeTarget "azdFly" */;
			buildPhases = (
				0432AF68657344F483783373 /* [CP] Check Pods Manifest.lock */,
				A360A4A81EB3355200B043B5 /* Sources */,
				A360A4A91EB3355200B043B5 /* Frameworks */,
				A360A4AA1EB3355200B043B5 /* Resources */,
				E891C165B5AD85CD32EED7E0 /* [CP] Embed Pods Frameworks */,
				BFD197EF8377E545471242D6 /* [CP] Copy Pods Resources */,
				A360A4EC1EB834AC00B043B5 /* Embed Frameworks */,
			);
			buildRules = (
			);
			dependencies = (
				A360A4EB1EB834AB00B043B5 /* PBXTargetDependency */,
			);
			name = azdFly;
			productName = azdFly;
			productReference = A360A4AC1EB3355200B043B5 /* azdFly.app */;
			productType = "com.apple.product-type.application";
		};
		A360A4C41EB3355300B043B5 /* azdFlyTests */ = {
			isa = PBXNativeTarget;
			buildConfigurationList = A360A4DC1EB3355300B043B5 /* Build configuration list for PBXNativeTarget "azdFlyTests" */;
			buildPhases = (
				A360A4C11EB3355300B043B5 /* Sources */,
				A360A4C21EB3355300B043B5 /* Frameworks */,
				A360A4C31EB3355300B043B5 /* Resources */,
			);
			buildRules = (
			);
			dependencies = (
				A360A4C71EB3355300B043B5 /* PBXTargetDependency */,
			);
			name = azdFlyTests;
			productName = azdFlyTests;
			productReference = A360A4C51EB3355300B043B5 /* azdFlyTests.xctest */;
			productType = "com.apple.product-type.bundle.unit-test";
		};
		A360A4CF1EB3355300B043B5 /* azdFlyUITests */ = {
			isa = PBXNativeTarget;
			buildConfigurationList = A360A4DF1EB3355300B043B5 /* Build configuration list for PBXNativeTarget "azdFlyUITests" */;
			buildPhases = (
				A360A4CC1EB3355300B043B5 /* Sources */,
				A360A4CD1EB3355300B043B5 /* Frameworks */,
				A360A4CE1EB3355300B043B5 /* Resources */,
			);
			buildRules = (
			);
			dependencies = (
				A360A4D21EB3355300B043B5 /* PBXTargetDependency */,
			);
			name = azdFlyUITests;
			productName = azdFlyUITests;
			productReference = A360A4D01EB3355300B043B5 /* azdFlyUITests.xctest */;
			productType = "com.apple.product-type.bundle.ui-testing";
		};
/* End PBXNativeTarget section */

/* Begin PBXProject section */
		A360A4A41EB3355200B043B5 /* Project object */ = {
			isa = PBXProject;
			attributes = {
				LastUpgradeCheck = 0830;
				ORGANIZATIONNAME = xmazd;
				TargetAttributes = {
					A360A4AB1EB3355200B043B5 = {
						CreatedOnToolsVersion = 8.3;
						DevelopmentTeam = 6QLN4D9TH8;
						ProvisioningStyle = Automatic;
					};
					A360A4C41EB3355300B043B5 = {
						CreatedOnToolsVersion = 8.3;
						DevelopmentTeam = 6QLN4D9TH8;
						ProvisioningStyle = Automatic;
						TestTargetID = A360A4AB1EB3355200B043B5;
					};
					A360A4CF1EB3355300B043B5 = {
						CreatedOnToolsVersion = 8.3;
						DevelopmentTeam = 6QLN4D9TH8;
						ProvisioningStyle = Automatic;
						TestTargetID = A360A4AB1EB3355200B043B5;
					};
				};
			};
			buildConfigurationList = A360A4A71EB3355200B043B5 /* Build configuration list for PBXProject "azdFly" */;
			compatibilityVersion = "Xcode 3.2";
			developmentRegion = English;
			hasScannedForEncodings = 0;
			knownRegions = (
				en,
				Base,
			);
			mainGroup = A360A4A31EB3355200B043B5;
			productRefGroup = A360A4AD1EB3355200B043B5 /* Products */;
			projectDirPath = "";
			projectReferences = (
				{
					ProductGroup = A360A4E31EB8349500B043B5 /* Products */;
					ProjectRef = A360A4E21EB8349500B043B5 /* VideoPreviewer.xcodeproj */;
				},
			);
			projectRoot = "";
			targets = (
				A360A4AB1EB3355200B043B5 /* azdFly */,
				A360A4C41EB3355300B043B5 /* azdFlyTests */,
				A360A4CF1EB3355300B043B5 /* azdFlyUITests */,
			);
		};
/* End PBXProject section */

/* Begin PBXReferenceProxy section */
		A360A4E71EB8349500B043B5 /* VideoPreviewer.framework */ = {
			isa = PBXReferenceProxy;
			fileType = wrapper.framework;
			path = VideoPreviewer.framework;
			remoteRef = A360A4E61EB8349500B043B5 /* PBXContainerItemProxy */;
			sourceTree = BUILT_PRODUCTS_DIR;
		};
/* End PBXReferenceProxy section */

/* Begin PBXResourcesBuildPhase section */
		A360A4AA1EB3355200B043B5 /* Resources */ = {
			isa = PBXResourcesBuildPhase;
			buildActionMask = 2147483647;
			files = (
				A360A4BF1EB3355200B043B5 /* LaunchScreen.storyboard in Resources */,
				A30811C01EC05838002B9A43 /* DJIPlaybackMultiSelectViewController.xib in Resources */,
				A360A4BC1EB3355200B043B5 /* Assets.xcassets in Resources */,
				A30811D41EC1ADBA002B9A43 /* DJIWaypointConfigViewController.xib in Resources */,
				A360A4BA1EB3355200B043B5 /* Main.storyboard in Resources */,
				A30811D21EC1ADBA002B9A43 /* DJIGSButtonController.xib in Resources */,
			);
			runOnlyForDeploymentPostprocessing = 0;
		};
		A360A4C31EB3355300B043B5 /* Resources */ = {
			isa = PBXResourcesBuildPhase;
			buildActionMask = 2147483647;
			files = (
			);
			runOnlyForDeploymentPostprocessing = 0;
		};
		A360A4CE1EB3355300B043B5 /* Resources */ = {
			isa = PBXResourcesBuildPhase;
			buildActionMask = 2147483647;
			files = (
			);
			runOnlyForDeploymentPostprocessing = 0;
		};
/* End PBXResourcesBuildPhase section */

/* Begin PBXShellScriptBuildPhase section */
		0432AF68657344F483783373 /* [CP] Check Pods Manifest.lock */ = {
			isa = PBXShellScriptBuildPhase;
			buildActionMask = 2147483647;
			files = (
			);
			inputPaths = (
			);
			name = "[CP] Check Pods Manifest.lock";
			outputPaths = (
			);
			runOnlyForDeploymentPostprocessing = 0;
			shellPath = /bin/sh;
			shellScript = "diff \"${PODS_PODFILE_DIR_PATH}/Podfile.lock\" \"${PODS_ROOT}/Manifest.lock\" > /dev/null\nif [ $? != 0 ] ; then\n    # print error to STDERR\n    echo \"error: The sandbox is not in sync with the Podfile.lock. Run 'pod install' or update your CocoaPods installation.\" >&2\n    exit 1\nfi\n";
			showEnvVarsInLog = 0;
		};
		BFD197EF8377E545471242D6 /* [CP] Copy Pods Resources */ = {
			isa = PBXShellScriptBuildPhase;
			buildActionMask = 2147483647;
			files = (
			);
			inputPaths = (
			);
			name = "[CP] Copy Pods Resources";
			outputPaths = (
			);
			runOnlyForDeploymentPostprocessing = 0;
			shellPath = /bin/sh;
			shellScript = "\"${SRCROOT}/Pods/Target Support Files/Pods-azdFly/Pods-azdFly-resources.sh\"\n";
			showEnvVarsInLog = 0;
		};
		E891C165B5AD85CD32EED7E0 /* [CP] Embed Pods Frameworks */ = {
			isa = PBXShellScriptBuildPhase;
			buildActionMask = 2147483647;
			files = (
			);
			inputPaths = (
			);
			name = "[CP] Embed Pods Frameworks";
			outputPaths = (
			);
			runOnlyForDeploymentPostprocessing = 0;
			shellPath = /bin/sh;
			shellScript = "\"${SRCROOT}/Pods/Target Support Files/Pods-azdFly/Pods-azdFly-frameworks.sh\"\n";
			showEnvVarsInLog = 0;
		};
/* End PBXShellScriptBuildPhase section */

/* Begin PBXSourcesBuildPhase section */
		A360A4A81EB3355200B043B5 /* Sources */ = {
			isa = PBXSourcesBuildPhase;
			buildActionMask = 2147483647;
			files = (
				A30811DC1EC1AE61002B9A43 /* DJIAircraftAnnotation.m in Sources */,
				A360A4B41EB3355200B043B5 /* AppDelegate.m in Sources */,
				A30811BF1EC05838002B9A43 /* DJIPlaybackMultiSelectViewController.m in Sources */,
				A3407DD21EB9DA890092B6AB /* UIView+Z_Order.m in Sources */,
				A398FD4C1EB8B2DD000FCD1A /* WLAlertController.m in Sources */,
				A30811D11EC1ADBA002B9A43 /* DJIGSButtonController.m in Sources */,
				A3407DDD1EBC6E1B0092B6AB /* Const.m in Sources */,
				A30811D71EC1AE56002B9A43 /* DJIAircraftAnnotationView.m in Sources */,
				A360A4B11EB3355200B043B5 /* main.m in Sources */,
				A3407DE11EBC6FCC0092B6AB /* AppSingleton.m in Sources */,
				A30811DD1EC1AE61002B9A43 /* DJIMapController.m in Sources */,
				A30811D31EC1ADBA002B9A43 /* DJIWaypointConfigViewController.m in Sources */,
				A398FD3E1EB865AC000FCD1A /* RootViewController.m in Sources */,
			);
			runOnlyForDeploymentPostprocessing = 0;
		};
		A360A4C11EB3355300B043B5 /* Sources */ = {
			isa = PBXSourcesBuildPhase;
			buildActionMask = 2147483647;
			files = (
				A360A4CA1EB3355300B043B5 /* azdFlyTests.m in Sources */,
			);
			runOnlyForDeploymentPostprocessing = 0;
		};
		A360A4CC1EB3355300B043B5 /* Sources */ = {
			isa = PBXSourcesBuildPhase;
			buildActionMask = 2147483647;
			files = (
				A360A4D51EB3355300B043B5 /* azdFlyUITests.m in Sources */,
			);
			runOnlyForDeploymentPostprocessing = 0;
		};
/* End PBXSourcesBuildPhase section */

/* Begin PBXTargetDependency section */
		A360A4C71EB3355300B043B5 /* PBXTargetDependency */ = {
			isa = PBXTargetDependency;
			target = A360A4AB1EB3355200B043B5 /* azdFly */;
			targetProxy = A360A4C61EB3355300B043B5 /* PBXContainerItemProxy */;
		};
		A360A4D21EB3355300B043B5 /* PBXTargetDependency */ = {
			isa = PBXTargetDependency;
			target = A360A4AB1EB3355200B043B5 /* azdFly */;
			targetProxy = A360A4D11EB3355300B043B5 /* PBXContainerItemProxy */;
		};
		A360A4EB1EB834AB00B043B5 /* PBXTargetDependency */ = {
			isa = PBXTargetDependency;
			name = VideoPreviewer;
			targetProxy = A360A4EA1EB834AB00B043B5 /* PBXContainerItemProxy */;
		};
/* End PBXTargetDependency section */

/* Begin PBXVariantGroup section */
		A360A4B81EB3355200B043B5 /* Main.storyboard */ = {
			isa = PBXVariantGroup;
			children = (
				A360A4B91EB3355200B043B5 /* Base */,
			);
			name = Main.storyboard;
			sourceTree = "<group>";
		};
		A360A4BD1EB3355200B043B5 /* LaunchScreen.storyboard */ = {
			isa = PBXVariantGroup;
			children = (
				A360A4BE1EB3355200B043B5 /* Base */,
			);
			name = LaunchScreen.storyboard;
			sourceTree = "<group>";
		};
/* End PBXVariantGroup section */

/* Begin XCBuildConfiguration section */
		A360A4D71EB3355300B043B5 /* Debug */ = {
			isa = XCBuildConfiguration;
			buildSettings = {
				ALWAYS_SEARCH_USER_PATHS = NO;
				CLANG_ANALYZER_NONNULL = YES;
				CLANG_ANALYZER_NUMBER_OBJECT_CONVERSION = YES_AGGRESSIVE;
				CLANG_CXX_LANGUAGE_STANDARD = "gnu++0x";
				CLANG_CXX_LIBRARY = "libc++";
				CLANG_ENABLE_MODULES = YES;
				CLANG_ENABLE_OBJC_ARC = YES;
				CLANG_WARN_BOOL_CONVERSION = YES;
				CLANG_WARN_CONSTANT_CONVERSION = YES;
				CLANG_WARN_DIRECT_OBJC_ISA_USAGE = YES_ERROR;
				CLANG_WARN_DOCUMENTATION_COMMENTS = YES;
				CLANG_WARN_EMPTY_BODY = YES;
				CLANG_WARN_ENUM_CONVERSION = YES;
				CLANG_WARN_INFINITE_RECURSION = YES;
				CLANG_WARN_INT_CONVERSION = YES;
				CLANG_WARN_OBJC_ROOT_CLASS = YES_ERROR;
				CLANG_WARN_SUSPICIOUS_MOVE = YES;
				CLANG_WARN_UNREACHABLE_CODE = YES;
				CLANG_WARN__DUPLICATE_METHOD_MATCH = YES;
				"CODE_SIGN_IDENTITY[sdk=iphoneos*]" = "iPhone Developer";
				COPY_PHASE_STRIP = NO;
				DEBUG_INFORMATION_FORMAT = dwarf;
				ENABLE_STRICT_OBJC_MSGSEND = YES;
				ENABLE_TESTABILITY = YES;
				GCC_C_LANGUAGE_STANDARD = gnu99;
				GCC_DYNAMIC_NO_PIC = NO;
				GCC_NO_COMMON_BLOCKS = YES;
				GCC_OPTIMIZATION_LEVEL = 0;
				GCC_PREPROCESSOR_DEFINITIONS = (
					"DEBUG=1",
					"$(inherited)",
				);
				GCC_WARN_64_TO_32_BIT_CONVERSION = YES;
				GCC_WARN_ABOUT_RETURN_TYPE = YES_ERROR;
				GCC_WARN_UNDECLARED_SELECTOR = YES;
				GCC_WARN_UNINITIALIZED_AUTOS = YES_AGGRESSIVE;
				GCC_WARN_UNUSED_FUNCTION = YES;
				GCC_WARN_UNUSED_VARIABLE = YES;
				IPHONEOS_DEPLOYMENT_TARGET = 10.3;
				MTL_ENABLE_DEBUG_INFO = YES;
				ONLY_ACTIVE_ARCH = YES;
				SDKROOT = iphoneos;
			};
			name = Debug;
		};
		A360A4D81EB3355300B043B5 /* Release */ = {
			isa = XCBuildConfiguration;
			buildSettings = {
				ALWAYS_SEARCH_USER_PATHS = NO;
				CLANG_ANALYZER_NONNULL = YES;
				CLANG_ANALYZER_NUMBER_OBJECT_CONVERSION = YES_AGGRESSIVE;
				CLANG_CXX_LANGUAGE_STANDARD = "gnu++0x";
				CLANG_CXX_LIBRARY = "libc++";
				CLANG_ENABLE_MODULES = YES;
				CLANG_ENABLE_OBJC_ARC = YES;
				CLANG_WARN_BOOL_CONVERSION = YES;
				CLANG_WARN_CONSTANT_CONVERSION = YES;
				CLANG_WARN_DIRECT_OBJC_ISA_USAGE = YES_ERROR;
				CLANG_WARN_DOCUMENTATION_COMMENTS = YES;
				CLANG_WARN_EMPTY_BODY = YES;
				CLANG_WARN_ENUM_CONVERSION = YES;
				CLANG_WARN_INFINITE_RECURSION = YES;
				CLANG_WARN_INT_CONVERSION = YES;
				CLANG_WARN_OBJC_ROOT_CLASS = YES_ERROR;
				CLANG_WARN_SUSPICIOUS_MOVE = YES;
				CLANG_WARN_UNREACHABLE_CODE = YES;
				CLANG_WARN__DUPLICATE_METHOD_MATCH = YES;
				"CODE_SIGN_IDENTITY[sdk=iphoneos*]" = "iPhone Developer";
				COPY_PHASE_STRIP = NO;
				DEBUG_INFORMATION_FORMAT = "dwarf-with-dsym";
				ENABLE_NS_ASSERTIONS = NO;
				ENABLE_STRICT_OBJC_MSGSEND = YES;
				GCC_C_LANGUAGE_STANDARD = gnu99;
				GCC_NO_COMMON_BLOCKS = YES;
				GCC_WARN_64_TO_32_BIT_CONVERSION = YES;
				GCC_WARN_ABOUT_RETURN_TYPE = YES_ERROR;
				GCC_WARN_UNDECLARED_SELECTOR = YES;
				GCC_WARN_UNINITIALIZED_AUTOS = YES_AGGRESSIVE;
				GCC_WARN_UNUSED_FUNCTION = YES;
				GCC_WARN_UNUSED_VARIABLE = YES;
				IPHONEOS_DEPLOYMENT_TARGET = 10.3;
				MTL_ENABLE_DEBUG_INFO = NO;
				SDKROOT = iphoneos;
				VALIDATE_PRODUCT = YES;
			};
			name = Release;
		};
		A360A4DA1EB3355300B043B5 /* Debug */ = {
			isa = XCBuildConfiguration;
			baseConfigurationReference = 2DEFCBED59E214116DFF8A7A /* Pods-azdFly.debug.xcconfig */;
			buildSettings = {
				ASSETCATALOG_COMPILER_APPICON_NAME = AppIcon;
				DEVELOPMENT_TEAM = 6QLN4D9TH8;
				ENABLE_BITCODE = NO;
				GCC_PREFIX_HEADER = /Users/wujianbin/Desktop/azdFly/azdFly/PrefixHeader.pch;
				INFOPLIST_FILE = azdFly/Info.plist;
				IPHONEOS_DEPLOYMENT_TARGET = 9.0;
				LD_RUNPATH_SEARCH_PATHS = "$(inherited) @executable_path/Frameworks";
				PRODUCT_BUNDLE_IDENTIFIER = com.xmazd.azdFly;
				PRODUCT_NAME = "$(TARGET_NAME)";
			};
			name = Debug;
		};
		A360A4DB1EB3355300B043B5 /* Release */ = {
			isa = XCBuildConfiguration;
			baseConfigurationReference = 0A5DC5A40B6AC6175E829F1C /* Pods-azdFly.release.xcconfig */;
			buildSettings = {
				ASSETCATALOG_COMPILER_APPICON_NAME = AppIcon;
				DEVELOPMENT_TEAM = 6QLN4D9TH8;
				ENABLE_BITCODE = NO;
				GCC_PREFIX_HEADER = /Users/wujianbin/Desktop/azdFly/azdFly/PrefixHeader.pch;
				INFOPLIST_FILE = azdFly/Info.plist;
				IPHONEOS_DEPLOYMENT_TARGET = 9.0;
				LD_RUNPATH_SEARCH_PATHS = "$(inherited) @executable_path/Frameworks";
				PRODUCT_BUNDLE_IDENTIFIER = com.xmazd.azdFly;
				PRODUCT_NAME = "$(TARGET_NAME)";
			};
			name = Release;
		};
		A360A4DD1EB3355300B043B5 /* Debug */ = {
			isa = XCBuildConfiguration;
			buildSettings = {
				BUNDLE_LOADER = "$(TEST_HOST)";
				DEVELOPMENT_TEAM = 6QLN4D9TH8;
				INFOPLIST_FILE = azdFlyTests/Info.plist;
				LD_RUNPATH_SEARCH_PATHS = "$(inherited) @executable_path/Frameworks @loader_path/Frameworks";
				PRODUCT_BUNDLE_IDENTIFIER = com.xmazd.azdFlyTests;
				PRODUCT_NAME = "$(TARGET_NAME)";
				TEST_HOST = "$(BUILT_PRODUCTS_DIR)/azdFly.app/azdFly";
			};
			name = Debug;
		};
		A360A4DE1EB3355300B043B5 /* Release */ = {
			isa = XCBuildConfiguration;
			buildSettings = {
				BUNDLE_LOADER = "$(TEST_HOST)";
				DEVELOPMENT_TEAM = 6QLN4D9TH8;
				INFOPLIST_FILE = azdFlyTests/Info.plist;
				LD_RUNPATH_SEARCH_PATHS = "$(inherited) @executable_path/Frameworks @loader_path/Frameworks";
				PRODUCT_BUNDLE_IDENTIFIER = com.xmazd.azdFlyTests;
				PRODUCT_NAME = "$(TARGET_NAME)";
				TEST_HOST = "$(BUILT_PRODUCTS_DIR)/azdFly.app/azdFly";
			};
			name = Release;
		};
		A360A4E01EB3355300B043B5 /* Debug */ = {
			isa = XCBuildConfiguration;
			buildSettings = {
				DEVELOPMENT_TEAM = 6QLN4D9TH8;
				INFOPLIST_FILE = azdFlyUITests/Info.plist;
				LD_RUNPATH_SEARCH_PATHS = "$(inherited) @executable_path/Frameworks @loader_path/Frameworks";
				PRODUCT_BUNDLE_IDENTIFIER = com.xmazd.azdFlyUITests;
				PRODUCT_NAME = "$(TARGET_NAME)";
				TEST_TARGET_NAME = azdFly;
			};
			name = Debug;
		};
		A360A4E11EB3355300B043B5 /* Release */ = {
			isa = XCBuildConfiguration;
			buildSettings = {
				DEVELOPMENT_TEAM = 6QLN4D9TH8;
				INFOPLIST_FILE = azdFlyUITests/Info.plist;
				LD_RUNPATH_SEARCH_PATHS = "$(inherited) @executable_path/Frameworks @loader_path/Frameworks";
				PRODUCT_BUNDLE_IDENTIFIER = com.xmazd.azdFlyUITests;
				PRODUCT_NAME = "$(TARGET_NAME)";
				TEST_TARGET_NAME = azdFly;
			};
			name = Release;
		};
/* End XCBuildConfiguration section */

/* Begin XCConfigurationList section */
		A360A4A71EB3355200B043B5 /* Build configuration list for PBXProject "azdFly" */ = {
			isa = XCConfigurationList;
			buildConfigurations = (
				A360A4D71EB3355300B043B5 /* Debug */,
				A360A4D81EB3355300B043B5 /* Release */,
			);
			defaultConfigurationIsVisible = 0;
			defaultConfigurationName = Release;
		};
		A360A4D91EB3355300B043B5 /* Build configuration list for PBXNativeTarget "azdFly" */ = {
			isa = XCConfigurationList;
			buildConfigurations = (
				A360A4DA1EB3355300B043B5 /* Debug */,
				A360A4DB1EB3355300B043B5 /* Release */,
			);
			defaultConfigurationIsVisible = 0;
			defaultConfigurationName = Release;
		};
		A360A4DC1EB3355300B043B5 /* Build configuration list for PBXNativeTarget "azdFlyTests" */ = {
			isa = XCConfigurationList;
			buildConfigurations = (
				A360A4DD1EB3355300B043B5 /* Debug */,
				A360A4DE1EB3355300B043B5 /* Release */,
			);
			defaultConfigurationIsVisible = 0;
			defaultConfigurationName = Release;
		};
		A360A4DF1EB3355300B043B5 /* Build configuration list for PBXNativeTarget "azdFlyUITests" */ = {
			isa = XCConfigurationList;
			buildConfigurations = (
				A360A4E01EB3355300B043B5 /* Debug */,
				A360A4E11EB3355300B043B5 /* Release */,
			);
			defaultConfigurationIsVisible = 0;
			defaultConfigurationName = Release;
		};
/* End XCConfigurationList section */
	};
	rootObject = A360A4A41EB3355200B043B5 /* Project object */;
}
